// !$*UTF8*$!
{
	archiveVersion = 1;
	classes = {
	};
	objectVersion = 56;
	objects = {

/* Begin PBXBuildFile section */
		9A561E602C4FB00B00909FAA /* RadioAppCleanSwiftUIApp.swift in Sources */ = {isa = PBXBuildFile; fileRef = 9A561E5F2C4FB00B00909FAA /* RadioAppCleanSwiftUIApp.swift */; };
		9A561E642C4FB00D00909FAA /* Assets.xcassets in Resources */ = {isa = PBXBuildFile; fileRef = 9A561E632C4FB00D00909FAA /* Assets.xcassets */; };
		9A561E672C4FB00D00909FAA /* Preview Assets.xcassets in Resources */ = {isa = PBXBuildFile; fileRef = 9A561E662C4FB00D00909FAA /* Preview Assets.xcassets */; };
		9A561E712C4FB00D00909FAA /* RadioAppCleanSwiftUITests.swift in Sources */ = {isa = PBXBuildFile; fileRef = 9A561E702C4FB00D00909FAA /* RadioAppCleanSwiftUITests.swift */; };
		9A561E7B2C4FB00D00909FAA /* RadioAppCleanSwiftUIUITests.swift in Sources */ = {isa = PBXBuildFile; fileRef = 9A561E7A2C4FB00D00909FAA /* RadioAppCleanSwiftUIUITests.swift */; };
		9A561E7D2C4FB00D00909FAA /* RadioAppCleanSwiftUIUITestsLaunchTests.swift in Sources */ = {isa = PBXBuildFile; fileRef = 9A561E7C2C4FB00D00909FAA /* RadioAppCleanSwiftUIUITestsLaunchTests.swift */; };
		9A561E932C4FB31E00909FAA /* RadioStation.swift in Sources */ = {isa = PBXBuildFile; fileRef = 9A561E922C4FB31E00909FAA /* RadioStation.swift */; };
		9A561E942C4FB31E00909FAA /* RadioStation.swift in Sources */ = {isa = PBXBuildFile; fileRef = 9A561E922C4FB31E00909FAA /* RadioStation.swift */; };
		9A561E952C4FB31E00909FAA /* RadioStation.swift in Sources */ = {isa = PBXBuildFile; fileRef = 9A561E922C4FB31E00909FAA /* RadioStation.swift */; };
		9A561E982C4FB35E00909FAA /* StationContact.swift in Sources */ = {isa = PBXBuildFile; fileRef = 9A561E972C4FB35E00909FAA /* StationContact.swift */; };
		9A561E992C4FB35E00909FAA /* StationContact.swift in Sources */ = {isa = PBXBuildFile; fileRef = 9A561E972C4FB35E00909FAA /* StationContact.swift */; };
		9A561E9A2C4FB35E00909FAA /* StationContact.swift in Sources */ = {isa = PBXBuildFile; fileRef = 9A561E972C4FB35E00909FAA /* StationContact.swift */; };
		9A561EB02C4FB59900909FAA /* RadioPlayerViewModel.swift in Sources */ = {isa = PBXBuildFile; fileRef = 9A561EAF2C4FB59900909FAA /* RadioPlayerViewModel.swift */; };
		9A561EB12C4FB59900909FAA /* RadioPlayerViewModel.swift in Sources */ = {isa = PBXBuildFile; fileRef = 9A561EAF2C4FB59900909FAA /* RadioPlayerViewModel.swift */; };
		9A561EB22C4FB59900909FAA /* RadioPlayerViewModel.swift in Sources */ = {isa = PBXBuildFile; fileRef = 9A561EAF2C4FB59900909FAA /* RadioPlayerViewModel.swift */; };
		9A561EB62C4FB62000909FAA /* RadioPlayerMainView.swift in Sources */ = {isa = PBXBuildFile; fileRef = 9A561EB52C4FB62000909FAA /* RadioPlayerMainView.swift */; };
		9A561EB72C4FB62000909FAA /* RadioPlayerMainView.swift in Sources */ = {isa = PBXBuildFile; fileRef = 9A561EB52C4FB62000909FAA /* RadioPlayerMainView.swift */; };
		9A561EB82C4FB62000909FAA /* RadioPlayerMainView.swift in Sources */ = {isa = PBXBuildFile; fileRef = 9A561EB52C4FB62000909FAA /* RadioPlayerMainView.swift */; };
		9AB842FD2C5E18D4002B8124 /* FileStorage.swift in Sources */ = {isa = PBXBuildFile; fileRef = 9AB842FC2C5E18D4002B8124 /* FileStorage.swift */; };
		9AB842FE2C5E18D4002B8124 /* FileStorage.swift in Sources */ = {isa = PBXBuildFile; fileRef = 9AB842FC2C5E18D4002B8124 /* FileStorage.swift */; };
		9AB842FF2C5E18D4002B8124 /* FileStorage.swift in Sources */ = {isa = PBXBuildFile; fileRef = 9AB842FC2C5E18D4002B8124 /* FileStorage.swift */; };
/* End PBXBuildFile section */

/* Begin PBXContainerItemProxy section */
		9A561E6D2C4FB00D00909FAA /* PBXContainerItemProxy */ = {
			isa = PBXContainerItemProxy;
			containerPortal = 9A561E542C4FB00B00909FAA /* Project object */;
			proxyType = 1;
			remoteGlobalIDString = 9A561E5B2C4FB00B00909FAA;
			remoteInfo = RadioAppCleanSwiftUI;
		};
		9A561E772C4FB00D00909FAA /* PBXContainerItemProxy */ = {
			isa = PBXContainerItemProxy;
			containerPortal = 9A561E542C4FB00B00909FAA /* Project object */;
			proxyType = 1;
			remoteGlobalIDString = 9A561E5B2C4FB00B00909FAA;
			remoteInfo = RadioAppCleanSwiftUI;
		};
/* End PBXContainerItemProxy section */

/* Begin PBXFileReference section */
		9A561E5C2C4FB00B00909FAA /* RadioAppCleanSwiftUI.app */ = {isa = PBXFileReference; explicitFileType = wrapper.application; includeInIndex = 0; path = RadioAppCleanSwiftUI.app; sourceTree = BUILT_PRODUCTS_DIR; };
		9A561E5F2C4FB00B00909FAA /* RadioAppCleanSwiftUIApp.swift */ = {isa = PBXFileReference; lastKnownFileType = sourcecode.swift; path = RadioAppCleanSwiftUIApp.swift; sourceTree = "<group>"; };
		9A561E632C4FB00D00909FAA /* Assets.xcassets */ = {isa = PBXFileReference; lastKnownFileType = folder.assetcatalog; path = Assets.xcassets; sourceTree = "<group>"; };
		9A561E662C4FB00D00909FAA /* Preview Assets.xcassets */ = {isa = PBXFileReference; lastKnownFileType = folder.assetcatalog; path = "Preview Assets.xcassets"; sourceTree = "<group>"; };
		9A561E6C2C4FB00D00909FAA /* RadioAppCleanSwiftUITests.xctest */ = {isa = PBXFileReference; explicitFileType = wrapper.cfbundle; includeInIndex = 0; path = RadioAppCleanSwiftUITests.xctest; sourceTree = BUILT_PRODUCTS_DIR; };
		9A561E702C4FB00D00909FAA /* RadioAppCleanSwiftUITests.swift */ = {isa = PBXFileReference; lastKnownFileType = sourcecode.swift; path = RadioAppCleanSwiftUITests.swift; sourceTree = "<group>"; };
		9A561E762C4FB00D00909FAA /* RadioAppCleanSwiftUIUITests.xctest */ = {isa = PBXFileReference; explicitFileType = wrapper.cfbundle; includeInIndex = 0; path = RadioAppCleanSwiftUIUITests.xctest; sourceTree = BUILT_PRODUCTS_DIR; };
		9A561E7A2C4FB00D00909FAA /* RadioAppCleanSwiftUIUITests.swift */ = {isa = PBXFileReference; lastKnownFileType = sourcecode.swift; path = RadioAppCleanSwiftUIUITests.swift; sourceTree = "<group>"; };
		9A561E7C2C4FB00D00909FAA /* RadioAppCleanSwiftUIUITestsLaunchTests.swift */ = {isa = PBXFileReference; lastKnownFileType = sourcecode.swift; path = RadioAppCleanSwiftUIUITestsLaunchTests.swift; sourceTree = "<group>"; };
		9A561E922C4FB31E00909FAA /* RadioStation.swift */ = {isa = PBXFileReference; lastKnownFileType = sourcecode.swift; path = RadioStation.swift; sourceTree = "<group>"; };
		9A561E972C4FB35E00909FAA /* StationContact.swift */ = {isa = PBXFileReference; lastKnownFileType = sourcecode.swift; path = StationContact.swift; sourceTree = "<group>"; };
/* End PBXFileReference section */

/* Begin PBXFrameworksBuildPhase section */
		9A561E592C4FB00B00909FAA /* Frameworks */ = {
			isa = PBXFrameworksBuildPhase;
			buildActionMask = 2147483647;
			files = (
			);
			runOnlyForDeploymentPostprocessing = 0;
		};
		9A561E692C4FB00D00909FAA /* Frameworks */ = {
			isa = PBXFrameworksBuildPhase;
			buildActionMask = 2147483647;
			files = (
			);
			runOnlyForDeploymentPostprocessing = 0;
		};
		9A561E732C4FB00D00909FAA /* Frameworks */ = {
			isa = PBXFrameworksBuildPhase;
			buildActionMask = 2147483647;
			files = (
			);
			runOnlyForDeploymentPostprocessing = 0;
		};
/* End PBXFrameworksBuildPhase section */

/* Begin PBXGroup section */
		9A561E532C4FB00B00909FAA = {
			isa = PBXGroup;
			children = (
				9A561E5E2C4FB00B00909FAA /* RadioAppCleanSwiftUI */,
				9A561E6F2C4FB00D00909FAA /* RadioAppCleanSwiftUITests */,
				9A561E792C4FB00D00909FAA /* RadioAppCleanSwiftUIUITests */,
				9A561E5D2C4FB00B00909FAA /* Products */,
			);
			sourceTree = "<group>";
		};
		9A561E5D2C4FB00B00909FAA /* Products */ = {
			isa = PBXGroup;
			children = (
				9A561E5C2C4FB00B00909FAA /* RadioAppCleanSwiftUI.app */,
				9A561E6C2C4FB00D00909FAA /* RadioAppCleanSwiftUITests.xctest */,
				9A561E762C4FB00D00909FAA /* RadioAppCleanSwiftUIUITests.xctest */,
			);
			name = Products;
			sourceTree = "<group>";
		};
		9A561E5E2C4FB00B00909FAA /* RadioAppCleanSwiftUI */ = {
			isa = PBXGroup;
			children = (
				9A561E892C4FB06500909FAA /* Application */,
				9A561E8A2C4FB07800909FAA /* Data */,
				9A561E8B2C4FB08A00909FAA /* Domain */,
				9A561E8C2C4FB0D600909FAA /* Presentation */,
				9A561E8D2C4FB11E00909FAA /* Services */,
				9A561E8E2C4FB12D00909FAA /* Resources */,
				9A561E8F2C4FB13700909FAA /* Utitlities */,
				9A561E902C4FB14C00909FAA /* SupportingFiles */,
			);
			path = RadioAppCleanSwiftUI;
			sourceTree = "<group>";
		};
		9A561E652C4FB00D00909FAA /* Preview Content */ = {
			isa = PBXGroup;
			children = (
				9A561E662C4FB00D00909FAA /* Preview Assets.xcassets */,
			);
			path = "Preview Content";
			sourceTree = "<group>";
		};
		9A561E6F2C4FB00D00909FAA /* RadioAppCleanSwiftUITests */ = {
			isa = PBXGroup;
			children = (
				9A561E702C4FB00D00909FAA /* RadioAppCleanSwiftUITests.swift */,
			);
			path = RadioAppCleanSwiftUITests;
			sourceTree = "<group>";
		};
		9A561E792C4FB00D00909FAA /* RadioAppCleanSwiftUIUITests */ = {
			isa = PBXGroup;
			children = (
				9A561E7A2C4FB00D00909FAA /* RadioAppCleanSwiftUIUITests.swift */,
				9A561E7C2C4FB00D00909FAA /* RadioAppCleanSwiftUIUITestsLaunchTests.swift */,
			);
			path = RadioAppCleanSwiftUIUITests;
			sourceTree = "<group>";
		};
		9A561E892C4FB06500909FAA /* Application */ = {
			isa = PBXGroup;
			children = (
				9A561EA42C4FB48D00909FAA /* UseCases */,
			);
			path = Application;
			sourceTree = "<group>";
		};
		9A561E8A2C4FB07800909FAA /* Data */ = {
			isa = PBXGroup;
			children = (
				9AB842FA2C5E18AF002B8124 /* LocalStorage */,
				9A561E9B2C4FB3E700909FAA /* Network */,
			);
			path = Data;
			sourceTree = "<group>";
		};
		9A561E8C2C4FB0D600909FAA /* Presentation */ = {
			isa = PBXGroup;
			children = (
				9A561EB42C4FB5E400909FAA /* Views */,
				9A561EB32C4FB5C000909FAA /* ViewModels */,
			);
			path = Presentation;
			sourceTree = "<group>";
		};
		9A561E8E2C4FB12D00909FAA /* Resources */ = {
			isa = PBXGroup;
			children = (
				9A561E652C4FB00D00909FAA /* Preview Content */,
				9A561E632C4FB00D00909FAA /* Assets.xcassets */,
			);
			name = Resources;
			sourceTree = "<group>";
		};
		9A561E8F2C4FB13700909FAA /* Utitlities */ = {
			isa = PBXGroup;
			children = (
			);
			path = Utitlities;
			sourceTree = "<group>";
		};
		9A561E902C4FB14C00909FAA /* SupportingFiles */ = {
			isa = PBXGroup;
			children = (
				9A561E5F2C4FB00B00909FAA /* RadioAppCleanSwiftUIApp.swift */,
			);
			path = SupportingFiles;
			sourceTree = "<group>";
		};
		9A561E912C4FB2F400909FAA /* Entities */ = {
			isa = PBXGroup;
			children = (
				9A561E922C4FB31E00909FAA /* RadioStation.swift */,
				9A561E972C4FB35E00909FAA /* StationContact.swift */,
			);
			path = Entities;
			sourceTree = "<group>";
		};
		9A561EB32C4FB5C000909FAA /* ViewModels */ = {
			isa = PBXGroup;
			children = (
				9A561EAF2C4FB59900909FAA /* RadioPlayerViewModel.swift */,
			);
			path = ViewModels;
			sourceTree = "<group>";
		};
		9A561EB42C4FB5E400909FAA /* Views */ = {
			isa = PBXGroup;
			children = (
				9A561EB92C4FB63200909FAA /* Components */,
				9A561EB52C4FB62000909FAA /* RadioPlayerMainView.swift */,
			);
			path = Views;
			sourceTree = "<group>";
		};
		9A561EB92C4FB63200909FAA /* Components */ = {
			isa = PBXGroup;
			children = (
			);
			path = Components;
			sourceTree = "<group>";
		};
/* End PBXGroup section */

/* Begin PBXNativeTarget section */
		9A561E5B2C4FB00B00909FAA /* RadioAppCleanSwiftUI */ = {
			isa = PBXNativeTarget;
			buildConfigurationList = 9A561E802C4FB00D00909FAA /* Build configuration list for PBXNativeTarget "RadioAppCleanSwiftUI" */;
			buildPhases = (
				9A561E582C4FB00B00909FAA /* Sources */,
				9A561E592C4FB00B00909FAA /* Frameworks */,
				9A561E5A2C4FB00B00909FAA /* Resources */,
			);
			buildRules = (
			);
			dependencies = (
			);
			name = RadioAppCleanSwiftUI;
			productName = RadioAppCleanSwiftUI;
			productReference = 9A561E5C2C4FB00B00909FAA /* RadioAppCleanSwiftUI.app */;
			productType = "com.apple.product-type.application";
		};
		9A561E6B2C4FB00D00909FAA /* RadioAppCleanSwiftUITests */ = {
			isa = PBXNativeTarget;
			buildConfigurationList = 9A561E832C4FB00D00909FAA /* Build configuration list for PBXNativeTarget "RadioAppCleanSwiftUITests" */;
			buildPhases = (
				9A561E682C4FB00D00909FAA /* Sources */,
				9A561E692C4FB00D00909FAA /* Frameworks */,
				9A561E6A2C4FB00D00909FAA /* Resources */,
			);
			buildRules = (
			);
			dependencies = (
				9A561E6E2C4FB00D00909FAA /* PBXTargetDependency */,
			);
			name = RadioAppCleanSwiftUITests;
			productName = RadioAppCleanSwiftUITests;
			productReference = 9A561E6C2C4FB00D00909FAA /* RadioAppCleanSwiftUITests.xctest */;
			productType = "com.apple.product-type.bundle.unit-test";
		};
		9A561E752C4FB00D00909FAA /* RadioAppCleanSwiftUIUITests */ = {
			isa = PBXNativeTarget;
			buildConfigurationList = 9A561E862C4FB00D00909FAA /* Build configuration list for PBXNativeTarget "RadioAppCleanSwiftUIUITests" */;
			buildPhases = (
				9A561E722C4FB00D00909FAA /* Sources */,
				9A561E732C4FB00D00909FAA /* Frameworks */,
				9A561E742C4FB00D00909FAA /* Resources */,
			);
			buildRules = (
			);
			dependencies = (
				9A561E782C4FB00D00909FAA /* PBXTargetDependency */,
			);
			name = RadioAppCleanSwiftUIUITests;
			productName = RadioAppCleanSwiftUIUITests;
			productReference = 9A561E762C4FB00D00909FAA /* RadioAppCleanSwiftUIUITests.xctest */;
			productType = "com.apple.product-type.bundle.ui-testing";
		};
/* End PBXNativeTarget section */

/* Begin PBXProject section */
		9A561E542C4FB00B00909FAA /* Project object */ = {
			isa = PBXProject;
			attributes = {
				BuildIndependentTargetsInParallel = 1;
				LastSwiftUpdateCheck = 1520;
				LastUpgradeCheck = 1520;
				TargetAttributes = {
					9A561E5B2C4FB00B00909FAA = {
						CreatedOnToolsVersion = 15.2;
					};
					9A561E6B2C4FB00D00909FAA = {
						CreatedOnToolsVersion = 15.2;
						TestTargetID = 9A561E5B2C4FB00B00909FAA;
					};
					9A561E752C4FB00D00909FAA = {
						CreatedOnToolsVersion = 15.2;
						TestTargetID = 9A561E5B2C4FB00B00909FAA;
					};
				};
			};
			buildConfigurationList = 9A561E572C4FB00B00909FAA /* Build configuration list for PBXProject "RadioAppCleanSwiftUI" */;
			compatibilityVersion = "Xcode 14.0";
			developmentRegion = en;
			hasScannedForEncodings = 0;
			knownRegions = (
				en,
				Base,
			);
			mainGroup = 9A561E532C4FB00B00909FAA;
			productRefGroup = 9A561E5D2C4FB00B00909FAA /* Products */;
			projectDirPath = "";
			projectRoot = "";
			targets = (
				9A561E5B2C4FB00B00909FAA /* RadioAppCleanSwiftUI */,
				9A561E6B2C4FB00D00909FAA /* RadioAppCleanSwiftUITests */,
				9A561E752C4FB00D00909FAA /* RadioAppCleanSwiftUIUITests */,
			);
		};
/* End PBXProject section */

/* Begin PBXResourcesBuildPhase section */
		9A561E5A2C4FB00B00909FAA /* Resources */ = {
			isa = PBXResourcesBuildPhase;
			buildActionMask = 2147483647;
			files = (
				9A561E672C4FB00D00909FAA /* Preview Assets.xcassets in Resources */,
				9A561E642C4FB00D00909FAA /* Assets.xcassets in Resources */,
			);
			runOnlyForDeploymentPostprocessing = 0;
		};
		9A561E6A2C4FB00D00909FAA /* Resources */ = {
			isa = PBXResourcesBuildPhase;
			buildActionMask = 2147483647;
			files = (
			);
			runOnlyForDeploymentPostprocessing = 0;
		};
		9A561E742C4FB00D00909FAA /* Resources */ = {
			isa = PBXResourcesBuildPhase;
			buildActionMask = 2147483647;
			files = (
			);
			runOnlyForDeploymentPostprocessing = 0;
		};
/* End PBXResourcesBuildPhase section */

/* Begin PBXSourcesBuildPhase section */
		9A561E582C4FB00B00909FAA /* Sources */ = {
			isa = PBXSourcesBuildPhase;
			buildActionMask = 2147483647;
			files = (
				9A561E622C4FB00B00909FAA /* ContentView.swift in Sources */,
				9A561E982C4FB35E00909FAA /* StationContact.swift in Sources */,
				9A561E602C4FB00B00909FAA /* RadioAppCleanSwiftUIApp.swift in Sources */,
				9A561EB62C4FB62000909FAA /* RadioPlayerMainView.swift in Sources */,
				9A561E932C4FB31E00909FAA /* RadioStation.swift in Sources */,
			);
			runOnlyForDeploymentPostprocessing = 0;
		};
		9A561E682C4FB00D00909FAA /* Sources */ = {
			isa = PBXSourcesBuildPhase;
			buildActionMask = 2147483647;
			files = (
				9A561E942C4FB31E00909FAA /* RadioStation.swift in Sources */,
				9A561E712C4FB00D00909FAA /* RadioAppCleanSwiftUITests.swift in Sources */,
				9A561E992C4FB35E00909FAA /* StationContact.swift in Sources */,
				9A561EB12C4FB59900909FAA /* RadioPlayerViewModel.swift in Sources */,
			);
			runOnlyForDeploymentPostprocessing = 0;
		};
		9A561E722C4FB00D00909FAA /* Sources */ = {
			isa = PBXSourcesBuildPhase;
			buildActionMask = 2147483647;
			files = (
				9A561EB22C4FB59900909FAA /* RadioPlayerViewModel.swift in Sources */,
				9A561E7D2C4FB00D00909FAA /* RadioAppCleanSwiftUIUITestsLaunchTests.swift in Sources */,
				9A561E9A2C4FB35E00909FAA /* StationContact.swift in Sources */,
				9A561E7B2C4FB00D00909FAA /* RadioAppCleanSwiftUIUITests.swift in Sources */,
				9A561EB82C4FB62000909FAA /* RadioPlayerMainView.swift in Sources */,
				9A561E952C4FB31E00909FAA /* RadioStation.swift in Sources */,
			);
			runOnlyForDeploymentPostprocessing = 0;
		};
/* End PBXSourcesBuildPhase section */

/* Begin PBXTargetDependency section */
		9A561E6E2C4FB00D00909FAA /* PBXTargetDependency */ = {
			isa = PBXTargetDependency;
			target = 9A561E5B2C4FB00B00909FAA /* RadioAppCleanSwiftUI */;
			targetProxy = 9A561E6D2C4FB00D00909FAA /* PBXContainerItemProxy */;
		};
		9A561E782C4FB00D00909FAA /* PBXTargetDependency */ = {
			isa = PBXTargetDependency;
			target = 9A561E5B2C4FB00B00909FAA /* RadioAppCleanSwiftUI */;
			targetProxy = 9A561E772C4FB00D00909FAA /* PBXContainerItemProxy */;
		};
/* End PBXTargetDependency section */

/* Begin XCBuildConfiguration section */
		9A561E7E2C4FB00D00909FAA /* Debug */ = {
			isa = XCBuildConfiguration;
			buildSettings = {
				ALWAYS_SEARCH_USER_PATHS = NO;
				ASSETCATALOG_COMPILER_GENERATE_SWIFT_ASSET_SYMBOL_EXTENSIONS = YES;
				CLANG_ANALYZER_NONNULL = YES;
				CLANG_ANALYZER_NUMBER_OBJECT_CONVERSION = YES_AGGRESSIVE;
				CLANG_CXX_LANGUAGE_STANDARD = "gnu++20";
				CLANG_ENABLE_MODULES = YES;
				CLANG_ENABLE_OBJC_ARC = YES;
				CLANG_ENABLE_OBJC_WEAK = YES;
				CLANG_WARN_BLOCK_CAPTURE_AUTORELEASING = YES;
				CLANG_WARN_BOOL_CONVERSION = YES;
				CLANG_WARN_COMMA = YES;
				CLANG_WARN_CONSTANT_CONVERSION = YES;
				CLANG_WARN_DEPRECATED_OBJC_IMPLEMENTATIONS = YES;
				CLANG_WARN_DIRECT_OBJC_ISA_USAGE = YES_ERROR;
				CLANG_WARN_DOCUMENTATION_COMMENTS = YES;
				CLANG_WARN_EMPTY_BODY = YES;
				CLANG_WARN_ENUM_CONVERSION = YES;
				CLANG_WARN_INFINITE_RECURSION = YES;
				CLANG_WARN_INT_CONVERSION = YES;
				CLANG_WARN_NON_LITERAL_NULL_CONVERSION = YES;
				CLANG_WARN_OBJC_IMPLICIT_RETAIN_SELF = YES;
				CLANG_WARN_OBJC_LITERAL_CONVERSION = YES;
				CLANG_WARN_OBJC_ROOT_CLASS = YES_ERROR;
				CLANG_WARN_QUOTED_INCLUDE_IN_FRAMEWORK_HEADER = YES;
				CLANG_WARN_RANGE_LOOP_ANALYSIS = YES;
				CLANG_WARN_STRICT_PROTOTYPES = YES;
				CLANG_WARN_SUSPICIOUS_MOVE = YES;
				CLANG_WARN_UNGUARDED_AVAILABILITY = YES_AGGRESSIVE;
				CLANG_WARN_UNREACHABLE_CODE = YES;
				CLANG_WARN__DUPLICATE_METHOD_MATCH = YES;
				COPY_PHASE_STRIP = NO;
				DEBUG_INFORMATION_FORMAT = dwarf;
				ENABLE_STRICT_OBJC_MSGSEND = YES;
				ENABLE_TESTABILITY = YES;
				ENABLE_USER_SCRIPT_SANDBOXING = YES;
				GCC_C_LANGUAGE_STANDARD = gnu17;
				GCC_DYNAMIC_NO_PIC = NO;
				GCC_NO_COMMON_BLOCKS = YES;
				GCC_OPTIMIZATION_LEVEL = 0;
				GCC_PREPROCESSOR_DEFINITIONS = (
					"DEBUG=1",
					"$(inherited)",
				);
				GCC_WARN_64_TO_32_BIT_CONVERSION = YES;
				GCC_WARN_ABOUT_RETURN_TYPE = YES_ERROR;
				GCC_WARN_UNDECLARED_SELECTOR = YES;
				GCC_WARN_UNINITIALIZED_AUTOS = YES_AGGRESSIVE;
				GCC_WARN_UNUSED_FUNCTION = YES;
				GCC_WARN_UNUSED_VARIABLE = YES;
				IPHONEOS_DEPLOYMENT_TARGET = 17.2;
				LOCALIZATION_PREFERS_STRING_CATALOGS = YES;
				MTL_ENABLE_DEBUG_INFO = INCLUDE_SOURCE;
				MTL_FAST_MATH = YES;
				ONLY_ACTIVE_ARCH = YES;
				SDKROOT = iphoneos;
				SWIFT_ACTIVE_COMPILATION_CONDITIONS = "DEBUG $(inherited)";
				SWIFT_OPTIMIZATION_LEVEL = "-Onone";
			};
			name = Debug;
		};
		9A561E7F2C4FB00D00909FAA /* Release */ = {
			isa = XCBuildConfiguration;
			buildSettings = {
				ALWAYS_SEARCH_USER_PATHS = NO;
				ASSETCATALOG_COMPILER_GENERATE_SWIFT_ASSET_SYMBOL_EXTENSIONS = YES;
				CLANG_ANALYZER_NONNULL = YES;
				CLANG_ANALYZER_NUMBER_OBJECT_CONVERSION = YES_AGGRESSIVE;
				CLANG_CXX_LANGUAGE_STANDARD = "gnu++20";
				CLANG_ENABLE_MODULES = YES;
				CLANG_ENABLE_OBJC_ARC = YES;
				CLANG_ENABLE_OBJC_WEAK = YES;
				CLANG_WARN_BLOCK_CAPTURE_AUTORELEASING = YES;
				CLANG_WARN_BOOL_CONVERSION = YES;
				CLANG_WARN_COMMA = YES;
				CLANG_WARN_CONSTANT_CONVERSION = YES;
				CLANG_WARN_DEPRECATED_OBJC_IMPLEMENTATIONS = YES;
				CLANG_WARN_DIRECT_OBJC_ISA_USAGE = YES_ERROR;
				CLANG_WARN_DOCUMENTATION_COMMENTS = YES;
				CLANG_WARN_EMPTY_BODY = YES;
				CLANG_WARN_ENUM_CONVERSION = YES;
				CLANG_WARN_INFINITE_RECURSION = YES;
				CLANG_WARN_INT_CONVERSION = YES;
				CLANG_WARN_NON_LITERAL_NULL_CONVERSION = YES;
				CLANG_WARN_OBJC_IMPLICIT_RETAIN_SELF = YES;
				CLANG_WARN_OBJC_LITERAL_CONVERSION = YES;
				CLANG_WARN_OBJC_ROOT_CLASS = YES_ERROR;
				CLANG_WARN_QUOTED_INCLUDE_IN_FRAMEWORK_HEADER = YES;
				CLANG_WARN_RANGE_LOOP_ANALYSIS = YES;
				CLANG_WARN_STRICT_PROTOTYPES = YES;
				CLANG_WARN_SUSPICIOUS_MOVE = YES;
				CLANG_WARN_UNGUARDED_AVAILABILITY = YES_AGGRESSIVE;
				CLANG_WARN_UNREACHABLE_CODE = YES;
				CLANG_WARN__DUPLICATE_METHOD_MATCH = YES;
				COPY_PHASE_STRIP = NO;
				DEBUG_INFORMATION_FORMAT = "dwarf-with-dsym";
				ENABLE_NS_ASSERTIONS = NO;
				ENABLE_STRICT_OBJC_MSGSEND = YES;
				ENABLE_USER_SCRIPT_SANDBOXING = YES;
				GCC_C_LANGUAGE_STANDARD = gnu17;
				GCC_NO_COMMON_BLOCKS = YES;
				GCC_WARN_64_TO_32_BIT_CONVERSION = YES;
				GCC_WARN_ABOUT_RETURN_TYPE = YES_ERROR;
				GCC_WARN_UNDECLARED_SELECTOR = YES;
				GCC_WARN_UNINITIALIZED_AUTOS = YES_AGGRESSIVE;
				GCC_WARN_UNUSED_FUNCTION = YES;
				GCC_WARN_UNUSED_VARIABLE = YES;
				IPHONEOS_DEPLOYMENT_TARGET = 17.2;
				LOCALIZATION_PREFERS_STRING_CATALOGS = YES;
				MTL_ENABLE_DEBUG_INFO = NO;
				MTL_FAST_MATH = YES;
				SDKROOT = iphoneos;
				SWIFT_COMPILATION_MODE = wholemodule;
				VALIDATE_PRODUCT = YES;
			};
			name = Release;
		};
		9A561E812C4FB00D00909FAA /* Debug */ = {
			isa = XCBuildConfiguration;
			buildSettings = {
				ASSETCATALOG_COMPILER_APPICON_NAME = AppIcon;
				ASSETCATALOG_COMPILER_GLOBAL_ACCENT_COLOR_NAME = AccentColor;
				CODE_SIGN_STYLE = Automatic;
				CURRENT_PROJECT_VERSION = 1;
				DEVELOPMENT_ASSET_PATHS = "\"RadioAppCleanSwiftUI/Preview Content\"";
				DEVELOPMENT_TEAM = 664UK652FK;
				ENABLE_PREVIEWS = YES;
				GENERATE_INFOPLIST_FILE = YES;
				INFOPLIST_KEY_UIApplicationSceneManifest_Generation = YES;
				INFOPLIST_KEY_UIApplicationSupportsIndirectInputEvents = YES;
				INFOPLIST_KEY_UILaunchScreen_Generation = YES;
				INFOPLIST_KEY_UISupportedInterfaceOrientations_iPad = "UIInterfaceOrientationPortrait UIInterfaceOrientationPortraitUpsideDown UIInterfaceOrientationLandscapeLeft UIInterfaceOrientationLandscapeRight";
				INFOPLIST_KEY_UISupportedInterfaceOrientations_iPhone = "UIInterfaceOrientationPortrait UIInterfaceOrientationLandscapeLeft UIInterfaceOrientationLandscapeRight";
				LD_RUNPATH_SEARCH_PATHS = (
					"$(inherited)",
					"@executable_path/Frameworks",
				);
				MARKETING_VERSION = 1.0;
				PRODUCT_BUNDLE_IDENTIFIER = com.fqi.RadioAppCleanSwiftUI;
				PRODUCT_NAME = "$(TARGET_NAME)";
				SWIFT_EMIT_LOC_STRINGS = YES;
				SWIFT_VERSION = 5.0;
				TARGETED_DEVICE_FAMILY = "1,2";
			};
			name = Debug;
		};
		9A561E822C4FB00D00909FAA /* Release */ = {
			isa = XCBuildConfiguration;
			buildSettings = {
				ASSETCATALOG_COMPILER_APPICON_NAME = AppIcon;
				ASSETCATALOG_COMPILER_GLOBAL_ACCENT_COLOR_NAME = AccentColor;
				CODE_SIGN_STYLE = Automatic;
				CURRENT_PROJECT_VERSION = 1;
				DEVELOPMENT_ASSET_PATHS = "\"RadioAppCleanSwiftUI/Preview Content\"";
				DEVELOPMENT_TEAM = 664UK652FK;
				ENABLE_PREVIEWS = YES;
				GENERATE_INFOPLIST_FILE = YES;
				INFOPLIST_KEY_UIApplicationSceneManifest_Generation = YES;
				INFOPLIST_KEY_UIApplicationSupportsIndirectInputEvents = YES;
				INFOPLIST_KEY_UILaunchScreen_Generation = YES;
				INFOPLIST_KEY_UISupportedInterfaceOrientations_iPad = "UIInterfaceOrientationPortrait UIInterfaceOrientationPortraitUpsideDown UIInterfaceOrientationLandscapeLeft UIInterfaceOrientationLandscapeRight";
				INFOPLIST_KEY_UISupportedInterfaceOrientations_iPhone = "UIInterfaceOrientationPortrait UIInterfaceOrientationLandscapeLeft UIInterfaceOrientationLandscapeRight";
				LD_RUNPATH_SEARCH_PATHS = (
					"$(inherited)",
					"@executable_path/Frameworks",
				);
				MARKETING_VERSION = 1.0;
				PRODUCT_BUNDLE_IDENTIFIER = com.fqi.RadioAppCleanSwiftUI;
				PRODUCT_NAME = "$(TARGET_NAME)";
				SWIFT_EMIT_LOC_STRINGS = YES;
				SWIFT_VERSION = 5.0;
				TARGETED_DEVICE_FAMILY = "1,2";
			};
			name = Release;
		};
		9A561E842C4FB00D00909FAA /* Debug */ = {
			isa = XCBuildConfiguration;
			buildSettings = {
				ALWAYS_EMBED_SWIFT_STANDARD_LIBRARIES = YES;
				BUNDLE_LOADER = "$(TEST_HOST)";
				CODE_SIGN_STYLE = Automatic;
				CURRENT_PROJECT_VERSION = 1;
				DEVELOPMENT_TEAM = 664UK652FK;
				GENERATE_INFOPLIST_FILE = YES;
				IPHONEOS_DEPLOYMENT_TARGET = 17.2;
				MARKETING_VERSION = 1.0;
				PRODUCT_BUNDLE_IDENTIFIER = com.fqi.RadioAppCleanSwiftUITests;
				PRODUCT_NAME = "$(TARGET_NAME)";
				SWIFT_EMIT_LOC_STRINGS = NO;
				SWIFT_VERSION = 5.0;
				TARGETED_DEVICE_FAMILY = "1,2";
				TEST_HOST = "$(BUILT_PRODUCTS_DIR)/RadioAppCleanSwiftUI.app/$(BUNDLE_EXECUTABLE_FOLDER_PATH)/RadioAppCleanSwiftUI";
			};
			name = Debug;
		};
		9A561E852C4FB00D00909FAA /* Release */ = {
			isa = XCBuildConfiguration;
			buildSettings = {
				ALWAYS_EMBED_SWIFT_STANDARD_LIBRARIES = YES;
				BUNDLE_LOADER = "$(TEST_HOST)";
				CODE_SIGN_STYLE = Automatic;
				CURRENT_PROJECT_VERSION = 1;
				DEVELOPMENT_TEAM = 664UK652FK;
				GENERATE_INFOPLIST_FILE = YES;
				IPHONEOS_DEPLOYMENT_TARGET = 17.2;
				MARKETING_VERSION = 1.0;
				PRODUCT_BUNDLE_IDENTIFIER = com.fqi.RadioAppCleanSwiftUITests;
				PRODUCT_NAME = "$(TARGET_NAME)";
				SWIFT_EMIT_LOC_STRINGS = NO;
				SWIFT_VERSION = 5.0;
				TARGETED_DEVICE_FAMILY = "1,2";
				TEST_HOST = "$(BUILT_PRODUCTS_DIR)/RadioAppCleanSwiftUI.app/$(BUNDLE_EXECUTABLE_FOLDER_PATH)/RadioAppCleanSwiftUI";
			};
			name = Release;
		};
		9A561E872C4FB00D00909FAA /* Debug */ = {
			isa = XCBuildConfiguration;
			buildSettings = {
				ALWAYS_EMBED_SWIFT_STANDARD_LIBRARIES = YES;
				CODE_SIGN_STYLE = Automatic;
				CURRENT_PROJECT_VERSION = 1;
				DEVELOPMENT_TEAM = 664UK652FK;
				GENERATE_INFOPLIST_FILE = YES;
				MARKETING_VERSION = 1.0;
				PRODUCT_BUNDLE_IDENTIFIER = com.fqi.RadioAppCleanSwiftUIUITests;
				PRODUCT_NAME = "$(TARGET_NAME)";
				SWIFT_EMIT_LOC_STRINGS = NO;
				SWIFT_VERSION = 5.0;
				TARGETED_DEVICE_FAMILY = "1,2";
				TEST_TARGET_NAME = RadioAppCleanSwiftUI;
			};
			name = Debug;
		};
		9A561E882C4FB00D00909FAA /* Release */ = {
			isa = XCBuildConfiguration;
			buildSettings = {
				ALWAYS_EMBED_SWIFT_STANDARD_LIBRARIES = YES;
				CODE_SIGN_STYLE = Automatic;
				CURRENT_PROJECT_VERSION = 1;
				DEVELOPMENT_TEAM = 664UK652FK;
				GENERATE_INFOPLIST_FILE = YES;
				MARKETING_VERSION = 1.0;
				PRODUCT_BUNDLE_IDENTIFIER = com.fqi.RadioAppCleanSwiftUIUITests;
				PRODUCT_NAME = "$(TARGET_NAME)";
				SWIFT_EMIT_LOC_STRINGS = NO;
				SWIFT_VERSION = 5.0;
				TARGETED_DEVICE_FAMILY = "1,2";
				TEST_TARGET_NAME = RadioAppCleanSwiftUI;
			};
			name = Release;
		};
/* End XCBuildConfiguration section */

/* Begin XCConfigurationList section */
		9A561E572C4FB00B00909FAA /* Build configuration list for PBXProject "RadioAppCleanSwiftUI" */ = {
			isa = XCConfigurationList;
			buildConfigurations = (
				9A561E7E2C4FB00D00909FAA /* Debug */,
				9A561E7F2C4FB00D00909FAA /* Release */,
			);
			defaultConfigurationIsVisible = 0;
			defaultConfigurationName = Release;
		};
		9A561E802C4FB00D00909FAA /* Build configuration list for PBXNativeTarget "RadioAppCleanSwiftUI" */ = {
			isa = XCConfigurationList;
			buildConfigurations = (
				9A561E812C4FB00D00909FAA /* Debug */,
				9A561E822C4FB00D00909FAA /* Release */,
			);
			defaultConfigurationIsVisible = 0;
			defaultConfigurationName = Release;
		};
		9A561E832C4FB00D00909FAA /* Build configuration list for PBXNativeTarget "RadioAppCleanSwiftUITests" */ = {
			isa = XCConfigurationList;
			buildConfigurations = (
				9A561E842C4FB00D00909FAA /* Debug */,
				9A561E852C4FB00D00909FAA /* Release */,
			);
			defaultConfigurationIsVisible = 0;
			defaultConfigurationName = Release;
		};
		9A561E862C4FB00D00909FAA /* Build configuration list for PBXNativeTarget "RadioAppCleanSwiftUIUITests" */ = {
			isa = XCConfigurationList;
			buildConfigurations = (
				9A561E872C4FB00D00909FAA /* Debug */,
				9A561E882C4FB00D00909FAA /* Release */,
			);
			defaultConfigurationIsVisible = 0;
			defaultConfigurationName = Release;
		};
/* End XCConfigurationList section */
	};
	rootObject = 9A561E542C4FB00B00909FAA /* Project object */;
}
